
Microsoft Visual Studio Solution File, Format Version 11.00
# Visual Studio 2010
Project("{FAE04EC0-301F-11D3-BF4B-00C04F79EFBC}") = "BackgroundWorkerDemo", "BackgroundWorkerDemo\BackgroundWorkerDemo.csproj", "{17F28A8F-82B4-45B5-A811-C1FD68341601}"
EndProject
Global
	GlobalSection(SolutionConfigurationPlatforms) = preSolution
		Debug|x86 = Debug|x86
		Release|x86 = Release|x86
	EndGlobalSection
	GlobalSection(ProjectConfigurationPlatforms) = postSolution
		{17F28A8F-82B4-45B5-A811-C1FD68341601}.Debug|x86.ActiveCfg = Debug|x86
		{17F28A8F-82B4-45B5-A811-C1FD68341601}.Debug|x86.Build.0 = Debug|x86
		{17F28A8F-82B4-45B5-A811-C1FD68341601}.Release|x86.ActiveCfg = Release|x86
		{17F28A8F-82B4-45B5-A811-C1FD68341601}.Release|x86.Build.0 = Release|x86
	EndGlobalSection
	GlobalSection(SolutionProperties) = preSolution
		HideSolutionNode = FALSE
	EndGlobalSection
EndGlobal
