
Microsoft Visual Studio Solution File, Format Version 12.00
# Visual Studio 2013
VisualStudioVersion = 12.0.40629.0
MinimumVisualStudioVersion = 10.0.40219.1
Project("{FAE04EC0-301F-11D3-BF4B-00C04F79EFBC}") = "AsyncAwaitDemo", "AsyncAwaitDemo\AsyncAwaitDemo.csproj", "{F992CB32-5F9E-4AB0-8B30-C41CDC551EFC}"
EndProject
Global
	GlobalSection(SolutionConfigurationPlatforms) = preSolution
		Debug|Any CPU = Debug|Any CPU
		Release|Any CPU = Release|Any CPU
	EndGlobalSection
	GlobalSection(ProjectConfigurationPlatforms) = postSolution
		{F992CB32-5F9E-4AB0-8B30-C41CDC551EFC}.Debug|Any CPU.ActiveCfg = Debug|Any CPU
		{F992CB32-5F9E-4AB0-8B30-C41CDC551EFC}.Debug|Any CPU.Build.0 = Debug|Any CPU
		{F992CB32-5F9E-4AB0-8B30-C41CDC551EFC}.Release|Any CPU.ActiveCfg = Release|Any CPU
		{F992CB32-5F9E-4AB0-8B30-C41CDC551EFC}.Release|Any CPU.Build.0 = Release|Any CPU
	EndGlobalSection
	GlobalSection(SolutionProperties) = preSolution
		HideSolutionNode = FALSE
	EndGlobalSection
EndGlobal
