
Microsoft Visual Studio Solution File, Format Version 12.00
# Visual Studio 14
VisualStudioVersion = 14.0.25420.1
MinimumVisualStudioVersion = 10.0.40219.1
Project("{FAE04EC0-301F-11D3-BF4B-00C04F79EFBC}") = "LinqDemo1", "LinqDemo1\LinqDemo1.csproj", "{FA4070CB-03A6-495F-85E6-5E75F29DF3FB}"
EndProject
Global
	GlobalSection(SolutionConfigurationPlatforms) = preSolution
		Debug|Any CPU = Debug|Any CPU
		Release|Any CPU = Release|Any CPU
	EndGlobalSection
	GlobalSection(ProjectConfigurationPlatforms) = postSolution
		{FA4070CB-03A6-495F-85E6-5E75F29DF3FB}.Debug|Any CPU.ActiveCfg = Debug|Any CPU
		{FA4070CB-03A6-495F-85E6-5E75F29DF3FB}.Debug|Any CPU.Build.0 = Debug|Any CPU
		{FA4070CB-03A6-495F-85E6-5E75F29DF3FB}.Release|Any CPU.ActiveCfg = Release|Any CPU
		{FA4070CB-03A6-495F-85E6-5E75F29DF3FB}.Release|Any CPU.Build.0 = Release|Any CPU
	EndGlobalSection
	GlobalSection(SolutionProperties) = preSolution
		HideSolutionNode = FALSE
	EndGlobalSection
EndGlobal
