
Microsoft Visual Studio Solution File, Format Version 11.00
# Visual Studio 2010
Project("{FAE04EC0-301F-11D3-BF4B-00C04F79EFBC}") = "CustomAttributesDemo", "CustomAttributesDemo\CustomAttributesDemo.csproj", "{AED55EF9-A280-4E75-AA7D-1605939FABEF}"
EndProject
Global
	GlobalSection(SolutionConfigurationPlatforms) = preSolution
		Debug|x86 = Debug|x86
		Release|x86 = Release|x86
	EndGlobalSection
	GlobalSection(ProjectConfigurationPlatforms) = postSolution
		{AED55EF9-A280-4E75-AA7D-1605939FABEF}.Debug|x86.ActiveCfg = Debug|x86
		{AED55EF9-A280-4E75-AA7D-1605939FABEF}.Debug|x86.Build.0 = Debug|x86
		{AED55EF9-A280-4E75-AA7D-1605939FABEF}.Release|x86.ActiveCfg = Release|x86
		{AED55EF9-A280-4E75-AA7D-1605939FABEF}.Release|x86.Build.0 = Release|x86
	EndGlobalSection
	GlobalSection(SolutionProperties) = preSolution
		HideSolutionNode = FALSE
	EndGlobalSection
EndGlobal
